
Microsoft Visual Studio Solution File, Format Version 12.00
Project("{FAE04EC0-301F-11D3-BF4B-00C04F79EFBC}") = "abacus.desktop", "abacus.desktop\abacus.desktop.csproj", "{46B61691-1C70-4EDC-ABC0-406DFABD9FDC}"
EndProject
Project("{FAE04EC0-301F-11D3-BF4B-00C04F79EFBC}") = "abacus.web", "abacus.web\abacus.web.csproj", "{95659C0A-4F06-4F42-B558-56E44898EBD4}"
EndProject
Project("{FAE04EC0-301F-11D3-BF4B-00C04F79EFBC}") = "abacus.core", "abacus.core\abacus.core.csproj", "{AFEF007D-9EA3-491D-8233-4D7DA65B5E49}"
EndProject
Project("{FAE04EC0-301F-11D3-BF4B-00C04F79EFBC}") = "monocle", "anno1800-scripting-api\monocle\monocle\monocle.csproj", "{33D883C0-A248-466D-9C44-92A1B5D9ABD2}"
EndProject
Project("{FAE04EC0-301F-11D3-BF4B-00C04F79EFBC}") = "monocle_demo", "anno1800-scripting-api\monocle\monocle_demo\monocle_demo.csproj", "{DE4A90CD-D1C3-4F35-BFFC-754215DC6620}"
EndProject
Project("{FAE04EC0-301F-11D3-BF4B-00C04F79EFBC}") = "abacus.core.tests", "abacus.core.tests\abacus.core.tests.csproj", "{A9382091-04C1-41E6-9528-2F823D428FFD}"
EndProject
Global
	GlobalSection(SolutionConfigurationPlatforms) = preSolution
		Debug|Any CPU = Debug|Any CPU
		Release|Any CPU = Release|Any CPU
	EndGlobalSection
	GlobalSection(ProjectConfigurationPlatforms) = postSolution
		{46B61691-1C70-4EDC-ABC0-406DFABD9FDC}.Debug|Any CPU.ActiveCfg = Debug|Any CPU
		{46B61691-1C70-4EDC-ABC0-406DFABD9FDC}.Debug|Any CPU.Build.0 = Debug|Any CPU
		{46B61691-1C70-4EDC-ABC0-406DFABD9FDC}.Release|Any CPU.ActiveCfg = Release|Any CPU
		{46B61691-1C70-4EDC-ABC0-406DFABD9FDC}.Release|Any CPU.Build.0 = Release|Any CPU
		{95659C0A-4F06-4F42-B558-56E44898EBD4}.Debug|Any CPU.ActiveCfg = Debug|Any CPU
		{95659C0A-4F06-4F42-B558-56E44898EBD4}.Debug|Any CPU.Build.0 = Debug|Any CPU
		{95659C0A-4F06-4F42-B558-56E44898EBD4}.Release|Any CPU.ActiveCfg = Release|Any CPU
		{95659C0A-4F06-4F42-B558-56E44898EBD4}.Release|Any CPU.Build.0 = Release|Any CPU
		{AFEF007D-9EA3-491D-8233-4D7DA65B5E49}.Debug|Any CPU.ActiveCfg = Debug|Any CPU
		{AFEF007D-9EA3-491D-8233-4D7DA65B5E49}.Debug|Any CPU.Build.0 = Debug|Any CPU
		{AFEF007D-9EA3-491D-8233-4D7DA65B5E49}.Release|Any CPU.ActiveCfg = Release|Any CPU
		{AFEF007D-9EA3-491D-8233-4D7DA65B5E49}.Release|Any CPU.Build.0 = Release|Any CPU
		{33D883C0-A248-466D-9C44-92A1B5D9ABD2}.Debug|Any CPU.ActiveCfg = Debug|Any CPU
		{33D883C0-A248-466D-9C44-92A1B5D9ABD2}.Debug|Any CPU.Build.0 = Debug|Any CPU
		{33D883C0-A248-466D-9C44-92A1B5D9ABD2}.Release|Any CPU.ActiveCfg = Release|Any CPU
		{33D883C0-A248-466D-9C44-92A1B5D9ABD2}.Release|Any CPU.Build.0 = Release|Any CPU
		{DE4A90CD-D1C3-4F35-BFFC-754215DC6620}.Debug|Any CPU.ActiveCfg = Debug|Any CPU
		{DE4A90CD-D1C3-4F35-BFFC-754215DC6620}.Debug|Any CPU.Build.0 = Debug|Any CPU
		{DE4A90CD-D1C3-4F35-BFFC-754215DC6620}.Release|Any CPU.ActiveCfg = Release|Any CPU
		{DE4A90CD-D1C3-4F35-BFFC-754215DC6620}.Release|Any CPU.Build.0 = Release|Any CPU
		{A9382091-04C1-41E6-9528-2F823D428FFD}.Debug|Any CPU.ActiveCfg = Debug|Any CPU
		{A9382091-04C1-41E6-9528-2F823D428FFD}.Debug|Any CPU.Build.0 = Debug|Any CPU
		{A9382091-04C1-41E6-9528-2F823D428FFD}.Release|Any CPU.ActiveCfg = Release|Any CPU
		{A9382091-04C1-41E6-9528-2F823D428FFD}.Release|Any CPU.Build.0 = Release|Any CPU
	EndGlobalSection
EndGlobal
